// !$*UTF8*$!
{
	archiveVersion = 1;
	classes = {
	};
	objectVersion = 45;
	objects = {

/* Begin PBXBuildFile section */
		1DDD58160DA1D0A300B32029 /* MainMenu.xib in Resources */ = {isa = PBXBuildFile; fileRef = 1DDD58140DA1D0A300B32029 /* MainMenu.xib */; };
		31BC95F50F40F4E6007FAD73 /* icon.icns in Resources */ = {isa = PBXBuildFile; fileRef = 31BC95F40F40F4E6007FAD73 /* icon.icns */; };
		31D8628D0F404F2F0006B202 /* Rakefile in Resources */ = {isa = PBXBuildFile; fileRef = 31D8628A0F404F2F0006B202 /* Rakefile */; };
		31D8628E0F404F2F0006B202 /* release_notes.txt in Resources */ = {isa = PBXBuildFile; fileRef = 31D8628B0F404F2F0006B202 /* release_notes.txt */; };
		31D8628F0F404F2F0006B202 /* release_notes_template.html.erb in Resources */ = {isa = PBXBuildFile; fileRef = 31D8628C0F404F2F0006B202 /* release_notes_template.html.erb */; };
		31D862910F404FAF0006B202 /* dsa_pub.pem in Resources */ = {isa = PBXBuildFile; fileRef = 31D862900F404FAF0006B202 /* dsa_pub.pem */; };
		3A9654000F49104200E266E0 /* icon_open.png in Resources */ = {isa = PBXBuildFile; fileRef = 3A9653FF0F49104200E266E0 /* icon_open.png */; };
		3A9654150F49116000E266E0 /* icon_export.png in Resources */ = {isa = PBXBuildFile; fileRef = 3A9654130F49116000E266E0 /* icon_export.png */; };
		3A9654160F49116000E266E0 /* icon_save.png in Resources */ = {isa = PBXBuildFile; fileRef = 3A9654140F49116000E266E0 /* icon_save.png */; };
		3A9654190F49133900E266E0 /* left_righ_icon.png in Resources */ = {isa = PBXBuildFile; fileRef = 3A9654180F49133900E266E0 /* left_righ_icon.png */; };
		3A96541B0F4913F200E266E0 /* result_icon.png in Resources */ = {isa = PBXBuildFile; fileRef = 3A96541A0F4913F200E266E0 /* result_icon.png */; };
		3AA4E2920F48E72D00B2F3B0 /* Sparkle.framework in Frameworks */ = {isa = PBXBuildFile; fileRef = 3AA4E2910F48E72D00B2F3B0 /* Sparkle.framework */; };
		3AA4E2C50F48E7A800B2F3B0 /* Sparkle.framework in Copy Frameworks */ = {isa = PBXBuildFile; fileRef = 3AA4E2910F48E72D00B2F3B0 /* Sparkle.framework */; };
		650762140F3622B3000CD13A /* NSAnyImageView.m in Sources */ = {isa = PBXBuildFile; fileRef = 650762130F3622B3000CD13A /* NSAnyImageView.m */; };
		650762180F362317000CD13A /* NSMainMenuController.m in Sources */ = {isa = PBXBuildFile; fileRef = 650762170F362317000CD13A /* NSMainMenuController.m */; };
		65DB35540F3915A3000BAE44 /* IconFamily.m in Sources */ = {isa = PBXBuildFile; fileRef = 65DB35530F3915A3000BAE44 /* IconFamily.m */; };
		65DB35670F391783000BAE44 /* NSString+CarbonFSRefCreation.m in Sources */ = {isa = PBXBuildFile; fileRef = 65DB35660F391783000BAE44 /* NSString+CarbonFSRefCreation.m */; };
		65DB35750F39184E000BAE44 /* Carbon.framework in Frameworks */ = {isa = PBXBuildFile; fileRef = 65DB35740F39184E000BAE44 /* Carbon.framework */; };
		65DB35DF0F39F76D000BAE44 /* NSICMApplication.m in Sources */ = {isa = PBXBuildFile; fileRef = 65DB35DE0F39F76D000BAE44 /* NSICMApplication.m */; };
		65DFB5CF0F363A1600AEECA9 /* NSSaveableImageView.m in Sources */ = {isa = PBXBuildFile; fileRef = 65DFB5CE0F363A1600AEECA9 /* NSSaveableImageView.m */; };
		8D11072B0486CEB800E47090 /* InfoPlist.strings in Resources */ = {isa = PBXBuildFile; fileRef = 089C165CFE840E0CC02AAC07 /* InfoPlist.strings */; };
		8D11072D0486CEB800E47090 /* main.m in Sources */ = {isa = PBXBuildFile; fileRef = 29B97316FDCFA39411CA2CEA /* main.m */; settings = {ATTRIBUTES = (); }; };
		8D11072F0486CEB800E47090 /* Cocoa.framework in Frameworks */ = {isa = PBXBuildFile; fileRef = 1058C7A1FEA54F0111CA2CBB /* Cocoa.framework */; };
/* End PBXBuildFile section */

/* Begin PBXCopyFilesBuildPhase section */
		31D862890F404F0B0006B202 /* Copy Frameworks */ = {
			isa = PBXCopyFilesBuildPhase;
			buildActionMask = 2147483647;
			dstPath = "";
			dstSubfolderSpec = 10;
			files = (
				3AA4E2C50F48E7A800B2F3B0 /* Sparkle.framework in Copy Frameworks */,
			);
			name = "Copy Frameworks";
			runOnlyForDeploymentPostprocessing = 0;
		};
/* End PBXCopyFilesBuildPhase section */

/* Begin PBXFileReference section */
		089C165DFE840E0CC02AAC07 /* English */ = {isa = PBXFileReference; fileEncoding = 10; lastKnownFileType = text.plist.strings; name = English; path = English.lproj/InfoPlist.strings; sourceTree = "<group>"; };
		1058C7A1FEA54F0111CA2CBB /* Cocoa.framework */ = {isa = PBXFileReference; lastKnownFileType = wrapper.framework; name = Cocoa.framework; path = /System/Library/Frameworks/Cocoa.framework; sourceTree = "<absolute>"; };
		13E42FB307B3F0F600E4EEF1 /* CoreData.framework */ = {isa = PBXFileReference; lastKnownFileType = wrapper.framework; name = CoreData.framework; path = /System/Library/Frameworks/CoreData.framework; sourceTree = "<absolute>"; };
		1DDD58150DA1D0A300B32029 /* English */ = {isa = PBXFileReference; lastKnownFileType = file.xib; name = English; path = English.lproj/MainMenu.xib; sourceTree = "<group>"; };
		29B97316FDCFA39411CA2CEA /* main.m */ = {isa = PBXFileReference; fileEncoding = 4; lastKnownFileType = sourcecode.c.objc; path = main.m; sourceTree = "<group>"; };
		29B97324FDCFA39411CA2CEA /* AppKit.framework */ = {isa = PBXFileReference; lastKnownFileType = wrapper.framework; name = AppKit.framework; path = /System/Library/Frameworks/AppKit.framework; sourceTree = "<absolute>"; };
		29B97325FDCFA39411CA2CEA /* Foundation.framework */ = {isa = PBXFileReference; lastKnownFileType = wrapper.framework; name = Foundation.framework; path = /System/Library/Frameworks/Foundation.framework; sourceTree = "<absolute>"; };
		3102081A0F41383000472AC8 /* Define.h */ = {isa = PBXFileReference; fileEncoding = 4; lastKnownFileType = sourcecode.c.h; path = Define.h; sourceTree = "<group>"; };
		318DFC280F3E2E67002D5873 /* README.mdown */ = {isa = PBXFileReference; fileEncoding = 4; lastKnownFileType = text; path = README.mdown; sourceTree = "<group>"; };
		31BC95F40F40F4E6007FAD73 /* icon.icns */ = {isa = PBXFileReference; lastKnownFileType = image.icns; path = icon.icns; sourceTree = "<group>"; };
		31D8628A0F404F2F0006B202 /* Rakefile */ = {isa = PBXFileReference; fileEncoding = 4; lastKnownFileType = text; path = Rakefile; sourceTree = "<group>"; };
		31D8628B0F404F2F0006B202 /* release_notes.txt */ = {isa = PBXFileReference; fileEncoding = 4; lastKnownFileType = text; path = release_notes.txt; sourceTree = "<group>"; };
		31D8628C0F404F2F0006B202 /* release_notes_template.html.erb */ = {isa = PBXFileReference; fileEncoding = 4; lastKnownFileType = text; path = release_notes_template.html.erb; sourceTree = "<group>"; };
		31D862900F404FAF0006B202 /* dsa_pub.pem */ = {isa = PBXFileReference; fileEncoding = 4; lastKnownFileType = text; path = dsa_pub.pem; sourceTree = "<group>"; };
		32CA4F630368D1EE00C91783 /* iConMerge_Prefix.pch */ = {isa = PBXFileReference; fileEncoding = 4; lastKnownFileType = sourcecode.c.h; path = iConMerge_Prefix.pch; sourceTree = "<group>"; };
		3A9653FF0F49104200E266E0 /* icon_open.png */ = {isa = PBXFileReference; lastKnownFileType = image.png; path = icon_open.png; sourceTree = "<group>"; };
		3A9654130F49116000E266E0 /* icon_export.png */ = {isa = PBXFileReference; lastKnownFileType = image.png; path = icon_export.png; sourceTree = "<group>"; };
		3A9654140F49116000E266E0 /* icon_save.png */ = {isa = PBXFileReference; lastKnownFileType = image.png; path = icon_save.png; sourceTree = "<group>"; };
		3A9654180F49133900E266E0 /* left_righ_icon.png */ = {isa = PBXFileReference; lastKnownFileType = image.png; path = left_righ_icon.png; sourceTree = "<group>"; };
		3A96541A0F4913F200E266E0 /* result_icon.png */ = {isa = PBXFileReference; lastKnownFileType = image.png; path = result_icon.png; sourceTree = "<group>"; };
		3AA4E2910F48E72D00B2F3B0 /* Sparkle.framework */ = {isa = PBXFileReference; lastKnownFileType = wrapper.framework; path = Sparkle.framework; sourceTree = "<group>"; };
		650762120F3622B3000CD13A /* NSAnyImageView.h */ = {isa = PBXFileReference; fileEncoding = 4; lastKnownFileType = sourcecode.c.h; path = NSAnyImageView.h; sourceTree = "<group>"; };
		650762130F3622B3000CD13A /* NSAnyImageView.m */ = {isa = PBXFileReference; fileEncoding = 4; lastKnownFileType = sourcecode.c.objc; path = NSAnyImageView.m; sourceTree = "<group>"; };
		650762160F362317000CD13A /* NSMainMenuController.h */ = {isa = PBXFileReference; fileEncoding = 4; lastKnownFileType = sourcecode.c.h; path = NSMainMenuController.h; sourceTree = "<group>"; };
		650762170F362317000CD13A /* NSMainMenuController.m */ = {isa = PBXFileReference; fileEncoding = 4; lastKnownFileType = sourcecode.c.objc; path = NSMainMenuController.m; sourceTree = "<group>"; };
		65DB35520F3915A3000BAE44 /* IconFamily.h */ = {isa = PBXFileReference; fileEncoding = 4; lastKnownFileType = sourcecode.c.h; path = IconFamily.h; sourceTree = "<group>"; };
		65DB35530F3915A3000BAE44 /* IconFamily.m */ = {isa = PBXFileReference; fileEncoding = 4; lastKnownFileType = sourcecode.c.objc; path = IconFamily.m; sourceTree = "<group>"; };
		65DB35650F391783000BAE44 /* NSString+CarbonFSRefCreation.h */ = {isa = PBXFileReference; fileEncoding = 4; lastKnownFileType = sourcecode.c.h; path = "NSString+CarbonFSRefCreation.h"; sourceTree = "<group>"; };
		65DB35660F391783000BAE44 /* NSString+CarbonFSRefCreation.m */ = {isa = PBXFileReference; fileEncoding = 4; lastKnownFileType = sourcecode.c.objc; path = "NSString+CarbonFSRefCreation.m"; sourceTree = "<group>"; };
		65DB35740F39184E000BAE44 /* Carbon.framework */ = {isa = PBXFileReference; lastKnownFileType = wrapper.framework; name = Carbon.framework; path = /System/Library/Frameworks/Carbon.framework; sourceTree = "<absolute>"; };
		65DB35DD0F39F76D000BAE44 /* NSICMApplication.h */ = {isa = PBXFileReference; fileEncoding = 4; lastKnownFileType = sourcecode.c.h; path = NSICMApplication.h; sourceTree = "<group>"; };
		65DB35DE0F39F76D000BAE44 /* NSICMApplication.m */ = {isa = PBXFileReference; fileEncoding = 4; lastKnownFileType = sourcecode.c.objc; path = NSICMApplication.m; sourceTree = "<group>"; };
		65DFB5CD0F363A1600AEECA9 /* NSSaveableImageView.h */ = {isa = PBXFileReference; fileEncoding = 4; lastKnownFileType = sourcecode.c.h; path = NSSaveableImageView.h; sourceTree = "<group>"; };
		65DFB5CE0F363A1600AEECA9 /* NSSaveableImageView.m */ = {isa = PBXFileReference; fileEncoding = 4; lastKnownFileType = sourcecode.c.objc; path = NSSaveableImageView.m; sourceTree = "<group>"; };
		8D1107310486CEB800E47090 /* Info.plist */ = {isa = PBXFileReference; fileEncoding = 4; lastKnownFileType = text.plist.xml; path = Info.plist; sourceTree = "<group>"; };
		8D1107320486CEB800E47090 /* iConMerge.app */ = {isa = PBXFileReference; explicitFileType = wrapper.application; includeInIndex = 0; path = iConMerge.app; sourceTree = BUILT_PRODUCTS_DIR; };
/* End PBXFileReference section */

/* Begin PBXFrameworksBuildPhase section */
		8D11072E0486CEB800E47090 /* Frameworks */ = {
			isa = PBXFrameworksBuildPhase;
			buildActionMask = 2147483647;
			files = (
				8D11072F0486CEB800E47090 /* Cocoa.framework in Frameworks */,
				65DB35750F39184E000BAE44 /* Carbon.framework in Frameworks */,
				3AA4E2920F48E72D00B2F3B0 /* Sparkle.framework in Frameworks */,
			);
			runOnlyForDeploymentPostprocessing = 0;
		};
/* End PBXFrameworksBuildPhase section */

/* Begin PBXGroup section */
		080E96DDFE201D6D7F000001 /* Classes */ = {
			isa = PBXGroup;
			children = (
				3102081A0F41383000472AC8 /* Define.h */,
				650762160F362317000CD13A /* NSMainMenuController.h */,
				650762170F362317000CD13A /* NSMainMenuController.m */,
				65DFB5CD0F363A1600AEECA9 /* NSSaveableImageView.h */,
				65DFB5CE0F363A1600AEECA9 /* NSSaveableImageView.m */,
				65DB35DD0F39F76D000BAE44 /* NSICMApplication.h */,
				65DB35DE0F39F76D000BAE44 /* NSICMApplication.m */,
				650762120F3622B3000CD13A /* NSAnyImageView.h */,
				650762130F3622B3000CD13A /* NSAnyImageView.m */,
			);
			name = Classes;
			sourceTree = "<group>";
		};
		1058C7A0FEA54F0111CA2CBB /* Linked Frameworks */ = {
			isa = PBXGroup;
			children = (
				3AA4E2910F48E72D00B2F3B0 /* Sparkle.framework */,
				65DB35740F39184E000BAE44 /* Carbon.framework */,
				1058C7A1FEA54F0111CA2CBB /* Cocoa.framework */,
			);
			name = "Linked Frameworks";
			sourceTree = "<group>";
		};
		1058C7A2FEA54F0111CA2CBB /* Other Frameworks */ = {
			isa = PBXGroup;
			children = (
				29B97324FDCFA39411CA2CEA /* AppKit.framework */,
				13E42FB307B3F0F600E4EEF1 /* CoreData.framework */,
				29B97325FDCFA39411CA2CEA /* Foundation.framework */,
			);
			name = "Other Frameworks";
			sourceTree = "<group>";
		};
		19C28FACFE9D520D11CA2CBB /* Products */ = {
			isa = PBXGroup;
			children = (
				8D1107320486CEB800E47090 /* iConMerge.app */,
			);
			name = Products;
			sourceTree = "<group>";
		};
		29B97314FDCFA39411CA2CEA /* iConMerge */ = {
			isa = PBXGroup;
			children = (
				080E96DDFE201D6D7F000001 /* Classes */,
				29B97315FDCFA39411CA2CEA /* Other Sources */,
				29B97317FDCFA39411CA2CEA /* Resources */,
				29B97323FDCFA39411CA2CEA /* Frameworks */,
				19C28FACFE9D520D11CA2CBB /* Products */,
			);
			name = iConMerge;
			sourceTree = "<group>";
		};
		29B97315FDCFA39411CA2CEA /* Other Sources */ = {
			isa = PBXGroup;
			children = (
				65DB35510F39155F000BAE44 /* IconFamily */,
				32CA4F630368D1EE00C91783 /* iConMerge_Prefix.pch */,
				29B97316FDCFA39411CA2CEA /* main.m */,
			);
			name = "Other Sources";
			sourceTree = "<group>";
		};
		29B97317FDCFA39411CA2CEA /* Resources */ = {
			isa = PBXGroup;
			children = (
				3A96541C0F4913F500E266E0 /* Images */,
				31BC95F40F40F4E6007FAD73 /* icon.icns */,
				31D862900F404FAF0006B202 /* dsa_pub.pem */,
				31D8628A0F404F2F0006B202 /* Rakefile */,
				31D8628B0F404F2F0006B202 /* release_notes.txt */,
				31D8628C0F404F2F0006B202 /* release_notes_template.html.erb */,
				8D1107310486CEB800E47090 /* Info.plist */,
				089C165CFE840E0CC02AAC07 /* InfoPlist.strings */,
				1DDD58140DA1D0A300B32029 /* MainMenu.xib */,
				318DFC280F3E2E67002D5873 /* README.mdown */,
			);
			name = Resources;
			sourceTree = "<group>";
		};
		29B97323FDCFA39411CA2CEA /* Frameworks */ = {
			isa = PBXGroup;
			children = (
				1058C7A0FEA54F0111CA2CBB /* Linked Frameworks */,
				1058C7A2FEA54F0111CA2CBB /* Other Frameworks */,
			);
			name = Frameworks;
			sourceTree = "<group>";
		};
		3A9654050F49113000E266E0 /* Toolbar */ = {
			isa = PBXGroup;
			children = (
				3A9654130F49116000E266E0 /* icon_export.png */,
				3A9654140F49116000E266E0 /* icon_save.png */,
				3A9653FF0F49104200E266E0 /* icon_open.png */,
			);
			name = Toolbar;
			sourceTree = "<group>";
		};
		3A96541C0F4913F500E266E0 /* Images */ = {
			isa = PBXGroup;
			children = (
				3A9654050F49113000E266E0 /* Toolbar */,
				3A96541A0F4913F200E266E0 /* result_icon.png */,
				3A9654180F49133900E266E0 /* left_righ_icon.png */,
			);
			name = Images;
			sourceTree = "<group>";
		};
		65DB35510F39155F000BAE44 /* IconFamily */ = {
			isa = PBXGroup;
			children = (
				65DB35650F391783000BAE44 /* NSString+CarbonFSRefCreation.h */,
				65DB35660F391783000BAE44 /* NSString+CarbonFSRefCreation.m */,
				65DB35520F3915A3000BAE44 /* IconFamily.h */,
				65DB35530F3915A3000BAE44 /* IconFamily.m */,
			);
			name = IconFamily;
			sourceTree = "<group>";
		};
/* End PBXGroup section */

/* Begin PBXNativeTarget section */
		8D1107260486CEB800E47090 /* iConMerge */ = {
			isa = PBXNativeTarget;
			buildConfigurationList = C01FCF4A08A954540054247B /* Build configuration list for PBXNativeTarget "iConMerge" */;
			buildPhases = (
				8D1107290486CEB800E47090 /* Resources */,
				8D11072C0486CEB800E47090 /* Sources */,
				8D11072E0486CEB800E47090 /* Frameworks */,
				31D862890F404F0B0006B202 /* Copy Frameworks */,
			);
			buildRules = (
			);
			dependencies = (
			);
			name = iConMerge;
			productInstallPath = "$(HOME)/Applications";
			productName = iConMerge;
			productReference = 8D1107320486CEB800E47090 /* iConMerge.app */;
			productType = "com.apple.product-type.application";
		};
/* End PBXNativeTarget section */

/* Begin PBXProject section */
		29B97313FDCFA39411CA2CEA /* Project object */ = {
			isa = PBXProject;
			buildConfigurationList = C01FCF4E08A954540054247B /* Build configuration list for PBXProject "iConMerge" */;
			compatibilityVersion = "Xcode 3.1";
			hasScannedForEncodings = 1;
			mainGroup = 29B97314FDCFA39411CA2CEA /* iConMerge */;
			projectDirPath = "";
			projectRoot = "";
			targets = (
				8D1107260486CEB800E47090 /* iConMerge */,
			);
		};
/* End PBXProject section */

/* Begin PBXResourcesBuildPhase section */
		8D1107290486CEB800E47090 /* Resources */ = {
			isa = PBXResourcesBuildPhase;
			buildActionMask = 2147483647;
			files = (
				8D11072B0486CEB800E47090 /* InfoPlist.strings in Resources */,
				1DDD58160DA1D0A300B32029 /* MainMenu.xib in Resources */,
				31D8628D0F404F2F0006B202 /* Rakefile in Resources */,
				31D8628E0F404F2F0006B202 /* release_notes.txt in Resources */,
				31D8628F0F404F2F0006B202 /* release_notes_template.html.erb in Resources */,
				31D862910F404FAF0006B202 /* dsa_pub.pem in Resources */,
				31BC95F50F40F4E6007FAD73 /* icon.icns in Resources */,
				3A9654000F49104200E266E0 /* icon_open.png in Resources */,
				3A9654150F49116000E266E0 /* icon_export.png in Resources */,
				3A9654160F49116000E266E0 /* icon_save.png in Resources */,
				3A9654190F49133900E266E0 /* left_righ_icon.png in Resources */,
				3A96541B0F4913F200E266E0 /* result_icon.png in Resources */,
			);
			runOnlyForDeploymentPostprocessing = 0;
		};
/* End PBXResourcesBuildPhase section */

/* Begin PBXSourcesBuildPhase section */
		8D11072C0486CEB800E47090 /* Sources */ = {
			isa = PBXSourcesBuildPhase;
			buildActionMask = 2147483647;
			files = (
				8D11072D0486CEB800E47090 /* main.m in Sources */,
				650762140F3622B3000CD13A /* NSAnyImageView.m in Sources */,
				650762180F362317000CD13A /* NSMainMenuController.m in Sources */,
				65DFB5CF0F363A1600AEECA9 /* NSSaveableImageView.m in Sources */,
				65DB35540F3915A3000BAE44 /* IconFamily.m in Sources */,
				65DB35670F391783000BAE44 /* NSString+CarbonFSRefCreation.m in Sources */,
				65DB35DF0F39F76D000BAE44 /* NSICMApplication.m in Sources */,
			);
			runOnlyForDeploymentPostprocessing = 0;
		};
/* End PBXSourcesBuildPhase section */

/* Begin PBXVariantGroup section */
		089C165CFE840E0CC02AAC07 /* InfoPlist.strings */ = {
			isa = PBXVariantGroup;
			children = (
				089C165DFE840E0CC02AAC07 /* English */,
			);
			name = InfoPlist.strings;
			sourceTree = "<group>";
		};
		1DDD58140DA1D0A300B32029 /* MainMenu.xib */ = {
			isa = PBXVariantGroup;
			children = (
				1DDD58150DA1D0A300B32029 /* English */,
			);
			name = MainMenu.xib;
			sourceTree = "<group>";
		};
/* End PBXVariantGroup section */

/* Begin XCBuildConfiguration section */
		C01FCF4B08A954540054247B /* Debug */ = {
			isa = XCBuildConfiguration;
			buildSettings = {
				ALWAYS_SEARCH_USER_PATHS = NO;
				COPY_PHASE_STRIP = NO;
				FRAMEWORK_SEARCH_PATHS = (
					"$(inherited)",
					"\"$(SRCROOT)/../frameworks/Sparkle 1.5b6\"",
					"\"$(SRCROOT)\"",
				);
				GCC_DYNAMIC_NO_PIC = NO;
				GCC_ENABLE_FIX_AND_CONTINUE = YES;
				GCC_MODEL_TUNING = G5;
				GCC_OPTIMIZATION_LEVEL = 0;
				GCC_PRECOMPILE_PREFIX_HEADER = YES;
				GCC_PREFIX_HEADER = iConMerge_Prefix.pch;
				INFOPLIST_FILE = Info.plist;
				INSTALL_PATH = "$(HOME)/Applications";
				PRODUCT_NAME = iConMerge;
			};
			name = Debug;
		};
		C01FCF4C08A954540054247B /* Release */ = {
			isa = XCBuildConfiguration;
			buildSettings = {
				ALWAYS_SEARCH_USER_PATHS = NO;
				DEBUG_INFORMATION_FORMAT = "dwarf-with-dsym";
				FRAMEWORK_SEARCH_PATHS = (
					"$(inherited)",
					"\"$(SRCROOT)/../frameworks/Sparkle 1.5b6\"",
					"\"$(SRCROOT)\"",
				);
				GCC_MODEL_TUNING = G5;
				GCC_PRECOMPILE_PREFIX_HEADER = YES;
				GCC_PREFIX_HEADER = iConMerge_Prefix.pch;
				INFOPLIST_FILE = Info.plist;
				INSTALL_PATH = "$(HOME)/Applications";
				PRODUCT_NAME = iConMerge;
			};
			name = Release;
		};
		C01FCF4F08A954540054247B /* Debug */ = {
			isa = XCBuildConfiguration;
			buildSettings = {
				ARCHS = "$(ARCHS_STANDARD_32_BIT)";
				GCC_C_LANGUAGE_STANDARD = c99;
				GCC_OPTIMIZATION_LEVEL = 0;
				GCC_WARN_ABOUT_RETURN_TYPE = YES;
				GCC_WARN_UNUSED_VARIABLE = YES;
				ONLY_ACTIVE_ARCH = YES;
				PREBINDING = NO;
				SDKROOT = macosx10.5;
			};
			name = Debug;
		};
		C01FCF5008A954540054247B /* Release */ = {
			isa = XCBuildConfiguration;
			buildSettings = {
				ARCHS = "$(ARCHS_STANDARD_32_BIT)";
				GCC_C_LANGUAGE_STANDARD = c99;
				GCC_WARN_ABOUT_RETURN_TYPE = YES;
				GCC_WARN_UNUSED_VARIABLE = YES;
				PREBINDING = NO;
				SDKROOT = macosx10.5;
			};
			name = Release;
		};
/* End XCBuildConfiguration section */

/* Begin XCConfigurationList section */
		C01FCF4A08A954540054247B /* Build configuration list for PBXNativeTarget "iConMerge" */ = {
			isa = XCConfigurationList;
			buildConfigurations = (
				C01FCF4B08A954540054247B /* Debug */,
				C01FCF4C08A954540054247B /* Release */,
			);
			defaultConfigurationIsVisible = 0;
			defaultConfigurationName = Release;
		};
		C01FCF4E08A954540054247B /* Build configuration list for PBXProject "iConMerge" */ = {
			isa = XCConfigurationList;
			buildConfigurations = (
				C01FCF4F08A954540054247B /* Debug */,
				C01FCF5008A954540054247B /* Release */,
			);
			defaultConfigurationIsVisible = 0;
			defaultConfigurationName = Release;
		};
/* End XCConfigurationList section */
	};
	rootObject = 29B97313FDCFA39411CA2CEA /* Project object */;
}
